
Microsoft Visual Studio Solution File, Format Version 12.00
# Visual Studio Version 17
VisualStudioVersion = 17.4.33110.190
MinimumVisualStudioVersion = 10.0.40219.1
Project("{FAE04EC0-301F-11D3-BF4B-00C04F79EFBC}") = "AdventOfCode2022", "AdventOfCode2022\AdventOfCode2022.csproj", "{4256A3E2-8231-4589-B3CD-F1A73B7D08E5}"
EndProject
Global
	GlobalSection(SolutionConfigurationPlatforms) = preSolution
		Debug|Any CPU = Debug|Any CPU
		Release|Any CPU = Release|Any CPU
	EndGlobalSection
	GlobalSection(ProjectConfigurationPlatforms) = postSolution
		{4256A3E2-8231-4589-B3CD-F1A73B7D08E5}.Debug|Any CPU.ActiveCfg = Debug|Any CPU
		{4256A3E2-8231-4589-B3CD-F1A73B7D08E5}.Debug|Any CPU.Build.0 = Debug|Any CPU
		{4256A3E2-8231-4589-B3CD-F1A73B7D08E5}.Release|Any CPU.ActiveCfg = Release|Any CPU
		{4256A3E2-8231-4589-B3CD-F1A73B7D08E5}.Release|Any CPU.Build.0 = Release|Any CPU
	EndGlobalSection
	GlobalSection(SolutionProperties) = preSolution
		HideSolutionNode = FALSE
	EndGlobalSection
	GlobalSection(ExtensibilityGlobals) = postSolution
		SolutionGuid = {AB4CD037-B9FC-4560-BE58-60CA2160AEFF}
	EndGlobalSection
EndGlobal
